
Microsoft Visual Studio Solution File, Format Version 12.00
# Visual Studio Version 16
VisualStudioVersion = 16.0.29326.143
MinimumVisualStudioVersion = 10.0.40219.1
Project("{FAE04EC0-301F-11D3-BF4B-00C04F79EFBC}") = "TodoList", "TodoList\TodoList.csproj", "{F1BE7540-2041-415E-91D1-740BDDC113F1}"
EndProject
Global
	GlobalSection(SolutionConfigurationPlatforms) = preSolution
		Debug|Any CPU = Debug|Any CPU
		Release|Any CPU = Release|Any CPU
	EndGlobalSection
	GlobalSection(ProjectConfigurationPlatforms) = postSolution
		{F1BE7540-2041-415E-91D1-740BDDC113F1}.Debug|Any CPU.ActiveCfg = Debug|Any CPU
		{F1BE7540-2041-415E-91D1-740BDDC113F1}.Debug|Any CPU.Build.0 = Debug|Any CPU
		{F1BE7540-2041-415E-91D1-740BDDC113F1}.Release|Any CPU.ActiveCfg = Release|Any CPU
		{F1BE7540-2041-415E-91D1-740BDDC113F1}.Release|Any CPU.Build.0 = Release|Any CPU
	EndGlobalSection
	GlobalSection(SolutionProperties) = preSolution
		HideSolutionNode = FALSE
	EndGlobalSection
	GlobalSection(ExtensibilityGlobals) = postSolution
		SolutionGuid = {FFC96937-98B7-44BD-9ADC-C43DF21FB261}
	EndGlobalSection
EndGlobal
